
Microsoft Visual Studio Solution File, Format Version 12.00
Project("{FAE04EC0-301F-11D3-BF4B-00C04F79EFBC}") = "MusicTools", "MusicTools\MusicTools.csproj", "{8420423C-80C3-440B-A101-CD034DDDF591}"
EndProject
Global
	GlobalSection(SolutionConfigurationPlatforms) = preSolution
		Debug|Any CPU = Debug|Any CPU
		Release|Any CPU = Release|Any CPU
	EndGlobalSection
	GlobalSection(ProjectConfigurationPlatforms) = postSolution
		{8420423C-80C3-440B-A101-CD034DDDF591}.Debug|Any CPU.ActiveCfg = Debug|Any CPU
		{8420423C-80C3-440B-A101-CD034DDDF591}.Debug|Any CPU.Build.0 = Debug|Any CPU
		{8420423C-80C3-440B-A101-CD034DDDF591}.Release|Any CPU.ActiveCfg = Release|Any CPU
		{8420423C-80C3-440B-A101-CD034DDDF591}.Release|Any CPU.Build.0 = Release|Any CPU
	EndGlobalSection
EndGlobal
